# @generated - this file is auto-generated by `mise lock` https://mise.en.dev/dev-tools/mise-lock.html

[[tools.pnpm]]
version = "11.13.1"
backend = "aqua:pnpm/pnpm"

[tools.pnpm."platforms.linux-arm64"]
checksum = "sha256:b52db99d215ed7dc9563aed815953c62a6c1ffd7cd75803d3a07ad7e4f246aed"
url = "https://github.com/pnpm/pnpm/releases/download/v11.13.1/pnpm-linux-arm64.tar.gz"
url_api = "https://api.github.com/repos/pnpm/pnpm/releases/assets/478563983"
provenance = "github-attestations"

[tools.pnpm."platforms.linux-arm64-musl"]
checksum = "sha256:2cadd4fc815c591f498a0a84c9e74a836e3e8c1236275f6e1cfd355bae6ae957"
url = "https://github.com/pnpm/pnpm/releases/download/v11.13.1/pnpm-linux-arm64-musl.tar.gz"
url_api = "https://api.github.com/repos/pnpm/pnpm/releases/assets/478563985"
provenance = "github-attestations"

[tools.pnpm."platforms.linux-x64"]
checksum = "sha256:bd6d4b0e14536207ad76bc838f5980cecd968da15f69aae0b207380cca3f2e98"
url = "https://github.com/pnpm/pnpm/releases/download/v11.13.1/pnpm-linux-x64.tar.gz"
url_api = "https://api.github.com/repos/pnpm/pnpm/releases/assets/478563986"
provenance = "github-attestations"

[tools.pnpm."platforms.linux-x64-musl"]
checksum = "sha256:ba19690f4ed1b64f1203ade14e9216352b46232d5582468b26a0160e0c9618c5"
url = "https://github.com/pnpm/pnpm/releases/download/v11.13.1/pnpm-linux-x64-musl.tar.gz"
url_api = "https://api.github.com/repos/pnpm/pnpm/releases/assets/478563980"
provenance = "github-attestations"

[tools.pnpm."platforms.macos-arm64"]
checksum = "sha256:765c2bf04e8129cb58c0f946e324262e418370b35a203b50b1f06a0567ef8bc1"
url = "https://github.com/pnpm/pnpm/releases/download/v11.13.1/pnpm-darwin-arm64.tar.gz"
url_api = "https://api.github.com/repos/pnpm/pnpm/releases/assets/478563984"
provenance = "github-attestations"

[tools.pnpm."platforms.windows-x64"]
checksum = "sha256:d8bebbc71df2702961c1d34a5e61196bc0aa3bbde33c33253f6afa3dd4546a6d"
url = "https://github.com/pnpm/pnpm/releases/download/v11.13.1/pnpm-win32-x64.zip"
url_api = "https://api.github.com/repos/pnpm/pnpm/releases/assets/478563981"
provenance = "github-attestations"
