# @generated - this file is auto-generated by `mise lock` https://mise.en.dev/dev-tools/mise-lock.html

[[tools.pnpm]]
version = "11.11.0"
backend = "aqua:pnpm/pnpm"

[tools.pnpm."platforms.linux-arm64"]
checksum = "sha256:4871093439f036b3082df6102255ac119f3b6f4f50c51c5711fc7c358b8b22d7"
url = "https://github.com/pnpm/pnpm/releases/download/v11.11.0/pnpm-linux-arm64.tar.gz"
url_api = "https://api.github.com/repos/pnpm/pnpm/releases/assets/471734816"
provenance = "github-attestations"

[tools.pnpm."platforms.linux-arm64-musl"]
checksum = "sha256:f97316cee0deb3ae3fd64e8a09e1c8c88a76da33373a2b465bd6a4c3e85e0690"
url = "https://github.com/pnpm/pnpm/releases/download/v11.11.0/pnpm-linux-arm64-musl.tar.gz"
url_api = "https://api.github.com/repos/pnpm/pnpm/releases/assets/471734819"
provenance = "github-attestations"

[tools.pnpm."platforms.linux-x64"]
checksum = "sha256:df4699e897012ab14df2cc6eaa942910e830eb7fcaa420a2a1421a9461fd9108"
url = "https://github.com/pnpm/pnpm/releases/download/v11.11.0/pnpm-linux-x64.tar.gz"
url_api = "https://api.github.com/repos/pnpm/pnpm/releases/assets/471734818"
provenance = "github-attestations"

[tools.pnpm."platforms.linux-x64-musl"]
checksum = "sha256:aad186f8a8ae72d827d5efe63e99e801456715fb7f2798949405fa33f20260db"
url = "https://github.com/pnpm/pnpm/releases/download/v11.11.0/pnpm-linux-x64-musl.tar.gz"
url_api = "https://api.github.com/repos/pnpm/pnpm/releases/assets/471734821"
provenance = "github-attestations"

[tools.pnpm."platforms.macos-arm64"]
checksum = "sha256:ad46ad16c2376c2b78354ac488c1b166e076aa59bfcbcfd567d55957d755a690"
url = "https://github.com/pnpm/pnpm/releases/download/v11.11.0/pnpm-darwin-arm64.tar.gz"
url_api = "https://api.github.com/repos/pnpm/pnpm/releases/assets/471734814"
provenance = "github-attestations"

[tools.pnpm."platforms.windows-x64"]
checksum = "sha256:13ad8a9b139c4c829fea33462cf04d061d72f0926b2b76a92ac03c9a36e405f9"
url = "https://github.com/pnpm/pnpm/releases/download/v11.11.0/pnpm-win32-x64.zip"
url_api = "https://api.github.com/repos/pnpm/pnpm/releases/assets/471734820"
provenance = "github-attestations"
